{
  "name": "json-server-heroku",
  "version": "1.0.0",
  "lockfileVersion": 1,
  "requires": true,
  "dependencies": {
    "rambdax": {
      "version": "5.1.0",
      "resolved": "https://registry.npmjs.org/rambdax/-/rambdax-5.1.0.tgz",
      "integrity": "sha512-zd5gaAza8e/fnqNkroL5ebOoihB1k8mwQAj1FlWillfmGDoFDI7QD6NZygcRgQMI4R/cXK/YjdZjWiwXqatKLQ=="
    },
    "uuid": {
      "version": "8.3.0",
      "resolved": "https://registry.npmjs.org/uuid/-/uuid-8.3.0.tgz",
      "integrity": "sha512-fX6Z5o4m6XsXBdli9g7DtWgAx+osMsRRZFKma1mIUsLCz6vRvv+pz5VNbyu9UEDzpMWulZfvpgb/cmDXVulYFQ=="
    }
  }
}
